<?xml version="1.0" encoding="utf-8"?>
<Project ToolsVersion="4.0" xmlns="http://schemas.microsoft.com/developer/msbuild/2003">
  <ItemGroup>
    <Filter Include="Source Files">
      <UniqueIdentifier>{4FC737F1-C7A5-4376-A066-2A32D752A2FF}</UniqueIdentifier>
      <Extensions>cpp;c;cc;cxx;c++;cppm;ixx;def;odl;idl;hpj;bat;asm;asmx</Extensions>
    </Filter>
    <Filter Include="Header Files">
      <UniqueIdentifier>{93995380-89BD-4b04-88EB-625FBE52EBFB}</UniqueIdentifier>
      <Extensions>h;hh;hpp;hxx;h++;hm;inl;inc;ipp;xsd</Extensions>
    </Filter>
    <Filter Include="Resource Files">
      <UniqueIdentifier>{67DA6AB6-F800-4c08-8B7A-83BB121AAD01}</UniqueIdentifier>
      <Extensions>rc;ico;cur;bmp;dlg;rc2;rct;bin;rgs;gif;jpg;jpeg;jpe;resx;tiff;tif;png;wav;mfcribbon-ms</Extensions>
    </Filter>
  </ItemGroup>
  <ItemGroup>
    <ClCompile Include="main.cpp">
      <Filter>Source Files</Filter>
    </ClCompile>
    <ClCompile Include="src\commands\Command.cpp">
      <Filter>Source Files</Filter>
    </ClCompile>
    <ClCompile Include="src\entities\Entity.cpp">
      <Filter>Source Files</Filter>
    </ClCompile>
    <ClCompile Include="src\entities\User.cpp">
      <Filter>Source Files</Filter>
    </ClCompile>
    <ClCompile Include="src\entities\AdminUser.cpp">
      <Filter>Source Files</Filter>
    </ClCompile>
    <ClCompile Include="src\services\CommandContext.cpp">
      <Filter>Source Files</Filter>
    </ClCompile>
    <ClCompile Include="src\services\CommandHandler.cpp">
      <Filter>Source Files</Filter>
    </ClCompile>
    <ClCompile Include="src\services\IdGenerator.cpp">
      <Filter>Source Files</Filter>
    </ClCompile>
    <ClCompile Include="src\services\SessionManager.cpp">
      <Filter>Source Files</Filter>
    </ClCompile>
    <ClCompile Include="src\utils\my_string.cpp">
      <Filter>Source Files</Filter>
    </ClCompile>
    <ClCompile Include="src\utils\sha256.cpp">
      <Filter>Source Files</Filter>
    </ClCompile>
    <ClCompile Include="src\commands\CreateAccountCommand.cpp">
      <Filter>Source Files</Filter>
    </ClCompile>
    <ClCompile Include="src\commands\CreateAdminAccountCommand.cpp">
      <Filter>Source Files</Filter>
    </ClCompile>
    <ClCompile Include="src\commands\SessionCommand.cpp">
      <Filter>Source Files</Filter>
    </ClCompile>
    <ClCompile Include="src\commands\LoginCommand.cpp">
      <Filter>Source Files</Filter>
    </ClCompile>
    <ClCompile Include="src\commands\LogoutCommand.cpp">
      <Filter>Source Files</Filter>
    </ClCompile>
    <ClCompile Include="src\entities\Message.cpp">
      <Filter>Source Files</Filter>
    </ClCompile>
    <ClCompile Include="src\commands\SendMessageCommand.cpp">
      <Filter>Source Files</Filter>
    </ClCompile>
    <ClCompile Include="src\commands\SelectChatCommand.cpp">
      <Filter>Source Files</Filter>
    </ClCompile>
  </ItemGroup>
  <ItemGroup>
    <ClInclude Include="include\entities\Entity.h">
      <Filter>Header Files</Filter>
    </ClInclude>
    <ClInclude Include="include\entities\User.h">
      <Filter>Header Files</Filter>
    </ClInclude>
    <ClInclude Include="include\commands\Command.h">
      <Filter>Header Files</Filter>
    </ClInclude>
    <ClInclude Include="include\services\CommandContext.h">
      <Filter>Header Files</Filter>
    </ClInclude>
    <ClInclude Include="include\entities\AdminUser.h">
      <Filter>Header Files</Filter>
    </ClInclude>
    <ClInclude Include="include\commands\CreateAccountCommand.h">
      <Filter>Header Files</Filter>
    </ClInclude>
    <ClInclude Include="include\services\CommandHandler.h">
      <Filter>Header Files</Filter>
    </ClInclude>
    <ClInclude Include="include\services\IdGenerator.h">
      <Filter>Header Files</Filter>
    </ClInclude>
    <ClInclude Include="include\enums\EntityType.h">
      <Filter>Header Files</Filter>
    </ClInclude>
    <ClInclude Include="include\enums\UserRole.h">
      <Filter>Header Files</Filter>
    </ClInclude>
    <ClInclude Include="include\services\RepositoryTraits.hpp">
      <Filter>Header Files</Filter>
    </ClInclude>
    <ClInclude Include="include\services\Repository.hpp">
      <Filter>Header Files</Filter>
    </ClInclude>
    <ClInclude Include="include\services\SessionManager.h">
      <Filter>Header Files</Filter>
    </ClInclude>
    <ClInclude Include="include\utils\my_string.h">
      <Filter>Header Files</Filter>
    </ClInclude>
    <ClInclude Include="include\utils\sha256.h">
      <Filter>Header Files</Filter>
    </ClInclude>
    <ClInclude Include="include\commands\CreateAdminAccountCommand.h">
      <Filter>Header Files</Filter>
    </ClInclude>
    <ClInclude Include="include\commands\SessionCommand.h">
      <Filter>Header Files</Filter>
    </ClInclude>
    <ClInclude Include="include\commands\LoginCommand.h">
      <Filter>Header Files</Filter>
    </ClInclude>
    <ClInclude Include="include\commands\LogoutCommand.h">
      <Filter>Header Files</Filter>
    </ClInclude>
    <ClInclude Include="include\entities\Message.h">
      <Filter>Header Files</Filter>
    </ClInclude>
    <ClInclude Include="include\commands\SendMessageCommand.h">
      <Filter>Header Files</Filter>
    </ClInclude>
    <ClInclude Include="include\commands\SelectChatCommand.h">
      <Filter>Header Files</Filter>
    </ClInclude>
  </ItemGroup>
  <ItemGroup>
    <None Include="data\.gitkeep" />
  </ItemGroup>
  <ItemGroup>
    <Text Include="data\users.txt" />
    <Text Include="data\admins.txt" />
    <Text Include="data\messages.txt" />
  </ItemGroup>
</Project>